
Microsoft Visual Studio Solution File, Format Version 12.00
Project("{FAE04EC0-301F-11D3-BF4B-00C04F79EFBC}") = "SaltBank.ToolKit", "SaltBank.ToolKit\SaltBank.ToolKit.csproj", "{F422B783-91E4-4673-9588-856F934A3ACD}"
EndProject
Project("{FAE04EC0-301F-11D3-BF4B-00C04F79EFBC}") = "SaltBank.ToolKit.Tests", "SaltBank.ToolKit.Tests\SaltBank.ToolKit.Tests.csproj", "{E1DE70F8-5160-4019-B2AA-46272A565535}"
EndProject
Project("{2150E333-8FDC-42A3-9474-1A3956D46DE8}") = "SolutionItems", "SolutionItems", "{1A19B571-6989-480A-ADFE-293B5664DCC7}"
	ProjectSection(SolutionItems) = preProject
		Directory.Build.props = Directory.Build.props
	EndProjectSection
EndProject
Global
	GlobalSection(SolutionConfigurationPlatforms) = preSolution
		Debug|Any CPU = Debug|Any CPU
		Release|Any CPU = Release|Any CPU
	EndGlobalSection
	GlobalSection(ProjectConfigurationPlatforms) = postSolution
		{F422B783-91E4-4673-9588-856F934A3ACD}.Debug|Any CPU.ActiveCfg = Debug|Any CPU
		{F422B783-91E4-4673-9588-856F934A3ACD}.Debug|Any CPU.Build.0 = Debug|Any CPU
		{F422B783-91E4-4673-9588-856F934A3ACD}.Release|Any CPU.ActiveCfg = Release|Any CPU
		{F422B783-91E4-4673-9588-856F934A3ACD}.Release|Any CPU.Build.0 = Release|Any CPU
		{E1DE70F8-5160-4019-B2AA-46272A565535}.Debug|Any CPU.ActiveCfg = Debug|Any CPU
		{E1DE70F8-5160-4019-B2AA-46272A565535}.Debug|Any CPU.Build.0 = Debug|Any CPU
		{E1DE70F8-5160-4019-B2AA-46272A565535}.Release|Any CPU.ActiveCfg = Release|Any CPU
		{E1DE70F8-5160-4019-B2AA-46272A565535}.Release|Any CPU.Build.0 = Release|Any CPU
	EndGlobalSection
EndGlobal
